
Microsoft Visual Studio Solution File, Format Version 12.00
# Visual Studio 14
VisualStudioVersion = 14.0.25420.1
MinimumVisualStudioVersion = 10.0.40219.1
Project("{FAE04EC0-301F-11D3-BF4B-00C04F79EFBC}") = "GGWP", "GGWP\GGWP.csproj", "{AECD3A42-F88F-478A-9EFF-894CBE10094C}"
EndProject
Project("{2150E333-8FDC-42A3-9474-1A3956D46DE8}") = "Backend", "Backend", "{57192E41-6661-406E-AB7D-A0E42D9A5BC3}"
EndProject
Project("{2150E333-8FDC-42A3-9474-1A3956D46DE8}") = "src", "src", "{9BC719D7-EC14-44B5-9010-C5AA8F998A30}"
EndProject
Project("{FAE04EC0-301F-11D3-BF4B-00C04F79EFBC}") = "GGWP.API.BLL", "GGWP.API.BLL\GGWP.API.BLL.csproj", "{92880AB7-48D5-45A2-B247-195435C96540}"
EndProject
Project("{FAE04EC0-301F-11D3-BF4B-00C04F79EFBC}") = "GGWP.API.Data", "GGWP.API.Data\GGWP.API.Data.csproj", "{1826D7BC-072D-437B-9727-C48A7867F5AB}"
EndProject
Project("{FAE04EC0-301F-11D3-BF4B-00C04F79EFBC}") = "GGWP.API.IBLL", "GGWP.API.IBLL\GGWP.API.IBLL.csproj", "{A6ADB6F2-51A5-47C8-85FE-33DCCAE968A3}"
EndProject
Project("{FAE04EC0-301F-11D3-BF4B-00C04F79EFBC}") = "GGWP.API.Models", "GGWP.API.Models\GGWP.API.Models.csproj", "{D1E1FC19-79B1-4E94-B582-D1B21AA101D2}"
EndProject
Global
	GlobalSection(SolutionConfigurationPlatforms) = preSolution
		Debug|Any CPU = Debug|Any CPU
		Release|Any CPU = Release|Any CPU
	EndGlobalSection
	GlobalSection(ProjectConfigurationPlatforms) = postSolution
		{AECD3A42-F88F-478A-9EFF-894CBE10094C}.Debug|Any CPU.ActiveCfg = Debug|Any CPU
		{AECD3A42-F88F-478A-9EFF-894CBE10094C}.Debug|Any CPU.Build.0 = Debug|Any CPU
		{AECD3A42-F88F-478A-9EFF-894CBE10094C}.Release|Any CPU.ActiveCfg = Release|Any CPU
		{AECD3A42-F88F-478A-9EFF-894CBE10094C}.Release|Any CPU.Build.0 = Release|Any CPU
		{92880AB7-48D5-45A2-B247-195435C96540}.Debug|Any CPU.ActiveCfg = Debug|Any CPU
		{92880AB7-48D5-45A2-B247-195435C96540}.Debug|Any CPU.Build.0 = Debug|Any CPU
		{92880AB7-48D5-45A2-B247-195435C96540}.Release|Any CPU.ActiveCfg = Release|Any CPU
		{92880AB7-48D5-45A2-B247-195435C96540}.Release|Any CPU.Build.0 = Release|Any CPU
		{1826D7BC-072D-437B-9727-C48A7867F5AB}.Debug|Any CPU.ActiveCfg = Debug|Any CPU
		{1826D7BC-072D-437B-9727-C48A7867F5AB}.Debug|Any CPU.Build.0 = Debug|Any CPU
		{1826D7BC-072D-437B-9727-C48A7867F5AB}.Release|Any CPU.ActiveCfg = Release|Any CPU
		{1826D7BC-072D-437B-9727-C48A7867F5AB}.Release|Any CPU.Build.0 = Release|Any CPU
		{A6ADB6F2-51A5-47C8-85FE-33DCCAE968A3}.Debug|Any CPU.ActiveCfg = Debug|Any CPU
		{A6ADB6F2-51A5-47C8-85FE-33DCCAE968A3}.Debug|Any CPU.Build.0 = Debug|Any CPU
		{A6ADB6F2-51A5-47C8-85FE-33DCCAE968A3}.Release|Any CPU.ActiveCfg = Release|Any CPU
		{A6ADB6F2-51A5-47C8-85FE-33DCCAE968A3}.Release|Any CPU.Build.0 = Release|Any CPU
		{D1E1FC19-79B1-4E94-B582-D1B21AA101D2}.Debug|Any CPU.ActiveCfg = Debug|Any CPU
		{D1E1FC19-79B1-4E94-B582-D1B21AA101D2}.Debug|Any CPU.Build.0 = Debug|Any CPU
		{D1E1FC19-79B1-4E94-B582-D1B21AA101D2}.Release|Any CPU.ActiveCfg = Release|Any CPU
		{D1E1FC19-79B1-4E94-B582-D1B21AA101D2}.Release|Any CPU.Build.0 = Release|Any CPU
	EndGlobalSection
	GlobalSection(SolutionProperties) = preSolution
		HideSolutionNode = FALSE
	EndGlobalSection
	GlobalSection(NestedProjects) = preSolution
		{AECD3A42-F88F-478A-9EFF-894CBE10094C} = {9BC719D7-EC14-44B5-9010-C5AA8F998A30}
		{57192E41-6661-406E-AB7D-A0E42D9A5BC3} = {9BC719D7-EC14-44B5-9010-C5AA8F998A30}
		{92880AB7-48D5-45A2-B247-195435C96540} = {57192E41-6661-406E-AB7D-A0E42D9A5BC3}
		{1826D7BC-072D-437B-9727-C48A7867F5AB} = {57192E41-6661-406E-AB7D-A0E42D9A5BC3}
		{A6ADB6F2-51A5-47C8-85FE-33DCCAE968A3} = {57192E41-6661-406E-AB7D-A0E42D9A5BC3}
		{D1E1FC19-79B1-4E94-B582-D1B21AA101D2} = {57192E41-6661-406E-AB7D-A0E42D9A5BC3}
	EndGlobalSection
EndGlobal
